
Microsoft Visual Studio Solution File, Format Version 11.00
# Visual Studio 2010
Project("{FAE04EC0-301F-11D3-BF4B-00C04F79EFBC}") = "Assembly-CSharp", "Assembly-CSharp.csproj", "{90421a78-084c-10e5-9236-be321f590ddd}"
EndProject
Project("{FAE04EC0-301F-11D3-BF4B-00C04F79EFBC}") = "SimpleInput.Runtime", "SimpleInput.Runtime.csproj", "{5a364f9a-f697-8f29-95ee-974cd0fd3ff7}"
EndProject
Project("{FAE04EC0-301F-11D3-BF4B-00C04F79EFBC}") = "SimpleInput.Editor", "SimpleInput.Editor.csproj", "{f7038310-e64e-7a78-d09c-910187542449}"
EndProject
Global
	GlobalSection(SolutionConfigurationPlatforms) = preSolution
		Debug|Any CPU = Debug|Any CPU
	EndGlobalSection
	GlobalSection(ProjectConfigurationPlatforms) = postSolution
		{90421a78-084c-10e5-9236-be321f590ddd}.Debug|Any CPU.ActiveCfg = Debug|Any CPU
		{90421a78-084c-10e5-9236-be321f590ddd}.Debug|Any CPU.Build.0 = Debug|Any CPU
		{5a364f9a-f697-8f29-95ee-974cd0fd3ff7}.Debug|Any CPU.ActiveCfg = Debug|Any CPU
		{5a364f9a-f697-8f29-95ee-974cd0fd3ff7}.Debug|Any CPU.Build.0 = Debug|Any CPU
		{f7038310-e64e-7a78-d09c-910187542449}.Debug|Any CPU.ActiveCfg = Debug|Any CPU
		{f7038310-e64e-7a78-d09c-910187542449}.Debug|Any CPU.Build.0 = Debug|Any CPU
	EndGlobalSection
	GlobalSection(SolutionProperties) = preSolution
		HideSolutionNode = FALSE
	EndGlobalSection
EndGlobal
